
Microsoft Visual Studio Solution File, Format Version 12.00
# Visual Studio Version 16
VisualStudioVersion = 16.0.29911.84
MinimumVisualStudioVersion = 10.0.40219.1
Project("{FAE04EC0-301F-11D3-BF4B-00C04F79EFBC}") = "Github", "Github\Github.csproj", "{661F1B0C-EC5B-42D6-820F-17F156417710}"
EndProject
Global
	GlobalSection(SolutionConfigurationPlatforms) = preSolution
		Debug|Any CPU = Debug|Any CPU
		Release|Any CPU = Release|Any CPU
	EndGlobalSection
	GlobalSection(ProjectConfigurationPlatforms) = postSolution
		{661F1B0C-EC5B-42D6-820F-17F156417710}.Debug|Any CPU.ActiveCfg = Debug|Any CPU
		{661F1B0C-EC5B-42D6-820F-17F156417710}.Debug|Any CPU.Build.0 = Debug|Any CPU
		{661F1B0C-EC5B-42D6-820F-17F156417710}.Release|Any CPU.ActiveCfg = Release|Any CPU
		{661F1B0C-EC5B-42D6-820F-17F156417710}.Release|Any CPU.Build.0 = Release|Any CPU
	EndGlobalSection
	GlobalSection(SolutionProperties) = preSolution
		HideSolutionNode = FALSE
	EndGlobalSection
	GlobalSection(ExtensibilityGlobals) = postSolution
		SolutionGuid = {D9AA7DF7-929B-4468-B59E-9B83B4B9255F}
	EndGlobalSection
EndGlobal
